
Microsoft Visual Studio Solution File, Format Version 12.00
Project("{2150E333-8FDC-42A3-9474-1A3956D46DE8}") = "Server", "Server", "{1D81FAEF-2725-4290-82A7-0EBA911DAB94}"
EndProject
Project("{2150E333-8FDC-42A3-9474-1A3956D46DE8}") = "Client", "Client", "{52446969-9C65-4DD0-927E-7A320A5BEF38}"
EndProject
Project("{2150E333-8FDC-42A3-9474-1A3956D46DE8}") = "WebUI", "WebUI", "{ACDF0CF8-6395-40DD-A329-5A9B068FE853}"
EndProject
Project("{2150E333-8FDC-42A3-9474-1A3956D46DE8}") = "Android", "Android", "{591EFAAE-DECC-4509-9D70-3EE9944D20F0}"
EndProject
Project("{2150E333-8FDC-42A3-9474-1A3956D46DE8}") = "Src", "Src", "{0EA3FFC8-63A7-43FA-869C-5572A12AED6B}"
EndProject
Project("{2150E333-8FDC-42A3-9474-1A3956D46DE8}") = "Test", "Test", "{B07615C6-83DD-4889-875B-5D9814E91A14}"
EndProject
Global
	GlobalSection(SolutionConfigurationPlatforms) = preSolution
		Debug|Any CPU = Debug|Any CPU
		Release|Any CPU = Release|Any CPU
	EndGlobalSection
	GlobalSection(NestedProjects) = preSolution
		{ACDF0CF8-6395-40DD-A329-5A9B068FE853} = {52446969-9C65-4DD0-927E-7A320A5BEF38}
		{591EFAAE-DECC-4509-9D70-3EE9944D20F0} = {52446969-9C65-4DD0-927E-7A320A5BEF38}
		{0EA3FFC8-63A7-43FA-869C-5572A12AED6B} = {1D81FAEF-2725-4290-82A7-0EBA911DAB94}
		{B07615C6-83DD-4889-875B-5D9814E91A14} = {1D81FAEF-2725-4290-82A7-0EBA911DAB94}
	EndGlobalSection
EndGlobal
